
Microsoft Visual Studio Solution File, Format Version 12.00
# Visual Studio 15
VisualStudioVersion = 15.0.27130.2027
MinimumVisualStudioVersion = 10.0.40219.1
Project("{9A19103F-16F7-4668-BE54-9A1E7A4F7556}") = "Website", "Website\Website.csproj", "{3CAE2018-48E6-4E9C-8A0A-6B989D4B6BBC}"
EndProject
Global
	GlobalSection(SolutionConfigurationPlatforms) = preSolution
		Debug|Any CPU = Debug|Any CPU
		Release|Any CPU = Release|Any CPU
	EndGlobalSection
	GlobalSection(ProjectConfigurationPlatforms) = postSolution
		{3CAE2018-48E6-4E9C-8A0A-6B989D4B6BBC}.Debug|Any CPU.ActiveCfg = Debug|Any CPU
		{3CAE2018-48E6-4E9C-8A0A-6B989D4B6BBC}.Debug|Any CPU.Build.0 = Debug|Any CPU
		{3CAE2018-48E6-4E9C-8A0A-6B989D4B6BBC}.Release|Any CPU.ActiveCfg = Release|Any CPU
		{3CAE2018-48E6-4E9C-8A0A-6B989D4B6BBC}.Release|Any CPU.Build.0 = Release|Any CPU
	EndGlobalSection
	GlobalSection(SolutionProperties) = preSolution
		HideSolutionNode = FALSE
	EndGlobalSection
	GlobalSection(ExtensibilityGlobals) = postSolution
		SolutionGuid = {CD6707C0-AF12-4D38-BF02-700A974DBBA0}
	EndGlobalSection
EndGlobal
